
Microsoft Visual Studio Solution File, Format Version 12.00
# Visual Studio Version 17
VisualStudioVersion = 17.0.31903.59
MinimumVisualStudioVersion = 10.0.40219.1
Project("{2150E333-8FDC-42A3-9474-1A3956D46DE8}") = "src", "src", "{827E0CD3-B72D-47B6-A68D-7590B98EB39B}"
EndProject
Project("{FAE04EC0-301F-11D3-BF4B-00C04F79EFBC}") = "Mozgoslav.Domain", "src\Mozgoslav.Domain\Mozgoslav.Domain.csproj", "{66167B37-4C85-4682-82BA-53CD246CE1AC}"
EndProject
Project("{FAE04EC0-301F-11D3-BF4B-00C04F79EFBC}") = "Mozgoslav.Application", "src\Mozgoslav.Application\Mozgoslav.Application.csproj", "{B11925E7-964B-47F8-B95B-0FE2B4679306}"
EndProject
Project("{FAE04EC0-301F-11D3-BF4B-00C04F79EFBC}") = "Mozgoslav.Infrastructure", "src\Mozgoslav.Infrastructure\Mozgoslav.Infrastructure.csproj", "{494BA584-E65F-40CE-BB04-FBA41D5124BF}"
EndProject
Project("{FAE04EC0-301F-11D3-BF4B-00C04F79EFBC}") = "Mozgoslav.Api", "src\Mozgoslav.Api\Mozgoslav.Api.csproj", "{99328BAA-036C-42BE-A006-514DE8F4B4F8}"
EndProject
Project("{FAE04EC0-301F-11D3-BF4B-00C04F79EFBC}") = "Mozgoslav.Tests", "tests\Mozgoslav.Tests\Mozgoslav.Tests.csproj", "{678B3450-6FD1-45EA-B4E9-214C302886E8}"
EndProject
Project("{FAE04EC0-301F-11D3-BF4B-00C04F79EFBC}") = "Mozgoslav.Tests.Integration", "tests\Mozgoslav.Tests.Integration\Mozgoslav.Tests.Integration.csproj", "{2D54EB9D-D6C0-4EE2-B972-72860698B733}"
EndProject
Global
	GlobalSection(SolutionConfigurationPlatforms) = preSolution
		Debug|Any CPU = Debug|Any CPU
		Debug|x64 = Debug|x64
		Debug|x86 = Debug|x86
		Release|Any CPU = Release|Any CPU
		Release|x64 = Release|x64
		Release|x86 = Release|x86
	EndGlobalSection
	GlobalSection(ProjectConfigurationPlatforms) = postSolution
		{66167B37-4C85-4682-82BA-53CD246CE1AC}.Debug|Any CPU.ActiveCfg = Debug|Any CPU
		{66167B37-4C85-4682-82BA-53CD246CE1AC}.Debug|Any CPU.Build.0 = Debug|Any CPU
		{66167B37-4C85-4682-82BA-53CD246CE1AC}.Debug|x64.ActiveCfg = Debug|Any CPU
		{66167B37-4C85-4682-82BA-53CD246CE1AC}.Debug|x64.Build.0 = Debug|Any CPU
		{66167B37-4C85-4682-82BA-53CD246CE1AC}.Debug|x86.ActiveCfg = Debug|Any CPU
		{66167B37-4C85-4682-82BA-53CD246CE1AC}.Debug|x86.Build.0 = Debug|Any CPU
		{66167B37-4C85-4682-82BA-53CD246CE1AC}.Release|Any CPU.ActiveCfg = Release|Any CPU
		{66167B37-4C85-4682-82BA-53CD246CE1AC}.Release|Any CPU.Build.0 = Release|Any CPU
		{66167B37-4C85-4682-82BA-53CD246CE1AC}.Release|x64.ActiveCfg = Release|Any CPU
		{66167B37-4C85-4682-82BA-53CD246CE1AC}.Release|x64.Build.0 = Release|Any CPU
		{66167B37-4C85-4682-82BA-53CD246CE1AC}.Release|x86.ActiveCfg = Release|Any CPU
		{66167B37-4C85-4682-82BA-53CD246CE1AC}.Release|x86.Build.0 = Release|Any CPU
		{B11925E7-964B-47F8-B95B-0FE2B4679306}.Debug|Any CPU.ActiveCfg = Debug|Any CPU
		{B11925E7-964B-47F8-B95B-0FE2B4679306}.Debug|Any CPU.Build.0 = Debug|Any CPU
		{B11925E7-964B-47F8-B95B-0FE2B4679306}.Debug|x64.ActiveCfg = Debug|Any CPU
		{B11925E7-964B-47F8-B95B-0FE2B4679306}.Debug|x64.Build.0 = Debug|Any CPU
		{B11925E7-964B-47F8-B95B-0FE2B4679306}.Debug|x86.ActiveCfg = Debug|Any CPU
		{B11925E7-964B-47F8-B95B-0FE2B4679306}.Debug|x86.Build.0 = Debug|Any CPU
		{B11925E7-964B-47F8-B95B-0FE2B4679306}.Release|Any CPU.ActiveCfg = Release|Any CPU
		{B11925E7-964B-47F8-B95B-0FE2B4679306}.Release|Any CPU.Build.0 = Release|Any CPU
		{B11925E7-964B-47F8-B95B-0FE2B4679306}.Release|x64.ActiveCfg = Release|Any CPU
		{B11925E7-964B-47F8-B95B-0FE2B4679306}.Release|x64.Build.0 = Release|Any CPU
		{B11925E7-964B-47F8-B95B-0FE2B4679306}.Release|x86.ActiveCfg = Release|Any CPU
		{B11925E7-964B-47F8-B95B-0FE2B4679306}.Release|x86.Build.0 = Release|Any CPU
		{494BA584-E65F-40CE-BB04-FBA41D5124BF}.Debug|Any CPU.ActiveCfg = Debug|Any CPU
		{494BA584-E65F-40CE-BB04-FBA41D5124BF}.Debug|Any CPU.Build.0 = Debug|Any CPU
		{494BA584-E65F-40CE-BB04-FBA41D5124BF}.Debug|x64.ActiveCfg = Debug|Any CPU
		{494BA584-E65F-40CE-BB04-FBA41D5124BF}.Debug|x64.Build.0 = Debug|Any CPU
		{494BA584-E65F-40CE-BB04-FBA41D5124BF}.Debug|x86.ActiveCfg = Debug|Any CPU
		{494BA584-E65F-40CE-BB04-FBA41D5124BF}.Debug|x86.Build.0 = Debug|Any CPU
		{494BA584-E65F-40CE-BB04-FBA41D5124BF}.Release|Any CPU.ActiveCfg = Release|Any CPU
		{494BA584-E65F-40CE-BB04-FBA41D5124BF}.Release|Any CPU.Build.0 = Release|Any CPU
		{494BA584-E65F-40CE-BB04-FBA41D5124BF}.Release|x64.ActiveCfg = Release|Any CPU
		{494BA584-E65F-40CE-BB04-FBA41D5124BF}.Release|x64.Build.0 = Release|Any CPU
		{494BA584-E65F-40CE-BB04-FBA41D5124BF}.Release|x86.ActiveCfg = Release|Any CPU
		{494BA584-E65F-40CE-BB04-FBA41D5124BF}.Release|x86.Build.0 = Release|Any CPU
		{99328BAA-036C-42BE-A006-514DE8F4B4F8}.Debug|Any CPU.ActiveCfg = Debug|Any CPU
		{99328BAA-036C-42BE-A006-514DE8F4B4F8}.Debug|Any CPU.Build.0 = Debug|Any CPU
		{99328BAA-036C-42BE-A006-514DE8F4B4F8}.Debug|x64.ActiveCfg = Debug|Any CPU
		{99328BAA-036C-42BE-A006-514DE8F4B4F8}.Debug|x64.Build.0 = Debug|Any CPU
		{99328BAA-036C-42BE-A006-514DE8F4B4F8}.Debug|x86.ActiveCfg = Debug|Any CPU
		{99328BAA-036C-42BE-A006-514DE8F4B4F8}.Debug|x86.Build.0 = Debug|Any CPU
		{99328BAA-036C-42BE-A006-514DE8F4B4F8}.Release|Any CPU.ActiveCfg = Release|Any CPU
		{99328BAA-036C-42BE-A006-514DE8F4B4F8}.Release|Any CPU.Build.0 = Release|Any CPU
		{99328BAA-036C-42BE-A006-514DE8F4B4F8}.Release|x64.ActiveCfg = Release|Any CPU
		{99328BAA-036C-42BE-A006-514DE8F4B4F8}.Release|x64.Build.0 = Release|Any CPU
		{99328BAA-036C-42BE-A006-514DE8F4B4F8}.Release|x86.ActiveCfg = Release|Any CPU
		{99328BAA-036C-42BE-A006-514DE8F4B4F8}.Release|x86.Build.0 = Release|Any CPU
		{678B3450-6FD1-45EA-B4E9-214C302886E8}.Debug|Any CPU.ActiveCfg = Debug|Any CPU
		{678B3450-6FD1-45EA-B4E9-214C302886E8}.Debug|Any CPU.Build.0 = Debug|Any CPU
		{678B3450-6FD1-45EA-B4E9-214C302886E8}.Debug|x64.ActiveCfg = Debug|Any CPU
		{678B3450-6FD1-45EA-B4E9-214C302886E8}.Debug|x64.Build.0 = Debug|Any CPU
		{678B3450-6FD1-45EA-B4E9-214C302886E8}.Debug|x86.ActiveCfg = Debug|Any CPU
		{678B3450-6FD1-45EA-B4E9-214C302886E8}.Debug|x86.Build.0 = Debug|Any CPU
		{678B3450-6FD1-45EA-B4E9-214C302886E8}.Release|Any CPU.ActiveCfg = Release|Any CPU
		{678B3450-6FD1-45EA-B4E9-214C302886E8}.Release|Any CPU.Build.0 = Release|Any CPU
		{678B3450-6FD1-45EA-B4E9-214C302886E8}.Release|x64.ActiveCfg = Release|Any CPU
		{678B3450-6FD1-45EA-B4E9-214C302886E8}.Release|x64.Build.0 = Release|Any CPU
		{678B3450-6FD1-45EA-B4E9-214C302886E8}.Release|x86.ActiveCfg = Release|Any CPU
		{678B3450-6FD1-45EA-B4E9-214C302886E8}.Release|x86.Build.0 = Release|Any CPU
		{2D54EB9D-D6C0-4EE2-B972-72860698B733}.Debug|Any CPU.ActiveCfg = Debug|Any CPU
		{2D54EB9D-D6C0-4EE2-B972-72860698B733}.Debug|Any CPU.Build.0 = Debug|Any CPU
		{2D54EB9D-D6C0-4EE2-B972-72860698B733}.Debug|x64.ActiveCfg = Debug|Any CPU
		{2D54EB9D-D6C0-4EE2-B972-72860698B733}.Debug|x64.Build.0 = Debug|Any CPU
		{2D54EB9D-D6C0-4EE2-B972-72860698B733}.Debug|x86.ActiveCfg = Debug|Any CPU
		{2D54EB9D-D6C0-4EE2-B972-72860698B733}.Debug|x86.Build.0 = Debug|Any CPU
		{2D54EB9D-D6C0-4EE2-B972-72860698B733}.Release|Any CPU.ActiveCfg = Release|Any CPU
		{2D54EB9D-D6C0-4EE2-B972-72860698B733}.Release|Any CPU.Build.0 = Release|Any CPU
		{2D54EB9D-D6C0-4EE2-B972-72860698B733}.Release|x64.ActiveCfg = Release|Any CPU
		{2D54EB9D-D6C0-4EE2-B972-72860698B733}.Release|x64.Build.0 = Release|Any CPU
		{2D54EB9D-D6C0-4EE2-B972-72860698B733}.Release|x86.ActiveCfg = Release|Any CPU
		{2D54EB9D-D6C0-4EE2-B972-72860698B733}.Release|x86.Build.0 = Release|Any CPU
	EndGlobalSection
	GlobalSection(SolutionProperties) = preSolution
		HideSolutionNode = FALSE
	EndGlobalSection
	GlobalSection(NestedProjects) = preSolution
		{66167B37-4C85-4682-82BA-53CD246CE1AC} = {827E0CD3-B72D-47B6-A68D-7590B98EB39B}
		{B11925E7-964B-47F8-B95B-0FE2B4679306} = {827E0CD3-B72D-47B6-A68D-7590B98EB39B}
		{494BA584-E65F-40CE-BB04-FBA41D5124BF} = {827E0CD3-B72D-47B6-A68D-7590B98EB39B}
		{99328BAA-036C-42BE-A006-514DE8F4B4F8} = {827E0CD3-B72D-47B6-A68D-7590B98EB39B}
		{678B3450-6FD1-45EA-B4E9-214C302886E8} = {827E0CD3-B72D-47B6-A68D-7590B98EB39B}
		{2D54EB9D-D6C0-4EE2-B972-72860698B733} = {827E0CD3-B72D-47B6-A68D-7590B98EB39B}
	EndGlobalSection
EndGlobal
